// !$*UTF8*$!
{
	archiveVersion = 1;
	classes = {
	};
	objectVersion = 48;
	objects = {

/* Begin PBXBuildFile section */
		A27B52DA1FD60F1000E08CA7 /* AppDelegate.swift in Sources */ = {isa = PBXBuildFile; fileRef = A27B52D91FD60F1000E08CA7 /* AppDelegate.swift */; };
		A27B52DC1FD60F1000E08CA7 /* ViewController.swift in Sources */ = {isa = PBXBuildFile; fileRef = A27B52DB1FD60F1000E08CA7 /* ViewController.swift */; };
		A27B52DF1FD60F1000E08CA7 /* Main.storyboard in Resources */ = {isa = PBXBuildFile; fileRef = A27B52DD1FD60F1000E08CA7 /* Main.storyboard */; };
		A27B52E11FD60F1000E08CA7 /* Assets.xcassets in Resources */ = {isa = PBXBuildFile; fileRef = A27B52E01FD60F1000E08CA7 /* Assets.xcassets */; };
		A27B52E41FD60F1000E08CA7 /* LaunchScreen.storyboard in Resources */ = {isa = PBXBuildFile; fileRef = A27B52E21FD60F1000E08CA7 /* LaunchScreen.storyboard */; };
		A27B52EF1FD60F1000E08CA7 /* AnimediaTests.swift in Sources */ = {isa = PBXBuildFile; fileRef = A27B52EE1FD60F1000E08CA7 /* AnimediaTests.swift */; };
		A27B52FA1FD60F1000E08CA7 /* AnimediaUITests.swift in Sources */ = {isa = PBXBuildFile; fileRef = A27B52F91FD60F1000E08CA7 /* AnimediaUITests.swift */; };
/* End PBXBuildFile section */

/* Begin PBXContainerItemProxy section */
		A27B52EB1FD60F1000E08CA7 /* PBXContainerItemProxy */ = {
			isa = PBXContainerItemProxy;
			containerPortal = A27B52CE1FD60F0F00E08CA7 /* Project object */;
			proxyType = 1;
			remoteGlobalIDString = A27B52D51FD60F1000E08CA7;
			remoteInfo = Animedia;
		};
		A27B52F61FD60F1000E08CA7 /* PBXContainerItemProxy */ = {
			isa = PBXContainerItemProxy;
			containerPortal = A27B52CE1FD60F0F00E08CA7 /* Project object */;
			proxyType = 1;
			remoteGlobalIDString = A27B52D51FD60F1000E08CA7;
			remoteInfo = Animedia;
		};
/* End PBXContainerItemProxy section */

/* Begin PBXFileReference section */
		A27B52D61FD60F1000E08CA7 /* Animedia.app */ = {isa = PBXFileReference; explicitFileType = wrapper.application; includeInIndex = 0; path = Animedia.app; sourceTree = BUILT_PRODUCTS_DIR; };
		A27B52D91FD60F1000E08CA7 /* AppDelegate.swift */ = {isa = PBXFileReference; lastKnownFileType = sourcecode.swift; path = AppDelegate.swift; sourceTree = "<group>"; };
		A27B52DB1FD60F1000E08CA7 /* ViewController.swift */ = {isa = PBXFileReference; lastKnownFileType = sourcecode.swift; path = ViewController.swift; sourceTree = "<group>"; };
		A27B52DE1FD60F1000E08CA7 /* Base */ = {isa = PBXFileReference; lastKnownFileType = file.storyboard; name = Base; path = Base.lproj/Main.storyboard; sourceTree = "<group>"; };
		A27B52E01FD60F1000E08CA7 /* Assets.xcassets */ = {isa = PBXFileReference; lastKnownFileType = folder.assetcatalog; path = Assets.xcassets; sourceTree = "<group>"; };
		A27B52E31FD60F1000E08CA7 /* Base */ = {isa = PBXFileReference; lastKnownFileType = file.storyboard; name = Base; path = Base.lproj/LaunchScreen.storyboard; sourceTree = "<group>"; };
		A27B52E51FD60F1000E08CA7 /* Info.plist */ = {isa = PBXFileReference; lastKnownFileType = text.plist.xml; path = Info.plist; sourceTree = "<group>"; };
		A27B52EA1FD60F1000E08CA7 /* AnimediaTests.xctest */ = {isa = PBXFileReference; explicitFileType = wrapper.cfbundle; includeInIndex = 0; path = AnimediaTests.xctest; sourceTree = BUILT_PRODUCTS_DIR; };
		A27B52EE1FD60F1000E08CA7 /* AnimediaTests.swift */ = {isa = PBXFileReference; lastKnownFileType = sourcecode.swift; path = AnimediaTests.swift; sourceTree = "<group>"; };
		A27B52F01FD60F1000E08CA7 /* Info.plist */ = {isa = PBXFileReference; lastKnownFileType = text.plist.xml; path = Info.plist; sourceTree = "<group>"; };
		A27B52F51FD60F1000E08CA7 /* AnimediaUITests.xctest */ = {isa = PBXFileReference; explicitFileType = wrapper.cfbundle; includeInIndex = 0; path = AnimediaUITests.xctest; sourceTree = BUILT_PRODUCTS_DIR; };
		A27B52F91FD60F1000E08CA7 /* AnimediaUITests.swift */ = {isa = PBXFileReference; lastKnownFileType = sourcecode.swift; path = AnimediaUITests.swift; sourceTree = "<group>"; };
		A27B52FB1FD60F1000E08CA7 /* Info.plist */ = {isa = PBXFileReference; lastKnownFileType = text.plist.xml; path = Info.plist; sourceTree = "<group>"; };
/* End PBXFileReference section */

/* Begin PBXFrameworksBuildPhase section */
		A27B52D31FD60F1000E08CA7 /* Frameworks */ = {
			isa = PBXFrameworksBuildPhase;
			buildActionMask = 2147483647;
			files = (
			);
			runOnlyForDeploymentPostprocessing = 0;
		};
		A27B52E71FD60F1000E08CA7 /* Frameworks */ = {
			isa = PBXFrameworksBuildPhase;
			buildActionMask = 2147483647;
			files = (
			);
			runOnlyForDeploymentPostprocessing = 0;
		};
		A27B52F21FD60F1000E08CA7 /* Frameworks */ = {
			isa = PBXFrameworksBuildPhase;
			buildActionMask = 2147483647;
			files = (
			);
			runOnlyForDeploymentPostprocessing = 0;
		};
/* End PBXFrameworksBuildPhase section */

/* Begin PBXGroup section */
		A27B52CD1FD60F0F00E08CA7 = {
			isa = PBXGroup;
			children = (
				A27B52D81FD60F1000E08CA7 /* Animedia */,
				A27B52ED1FD60F1000E08CA7 /* AnimediaTests */,
				A27B52F81FD60F1000E08CA7 /* AnimediaUITests */,
				A27B52D71FD60F1000E08CA7 /* Products */,
			);
			sourceTree = "<group>";
		};
		A27B52D71FD60F1000E08CA7 /* Products */ = {
			isa = PBXGroup;
			children = (
				A27B52D61FD60F1000E08CA7 /* Animedia.app */,
				A27B52EA1FD60F1000E08CA7 /* AnimediaTests.xctest */,
				A27B52F51FD60F1000E08CA7 /* AnimediaUITests.xctest */,
			);
			name = Products;
			sourceTree = "<group>";
		};
		A27B52D81FD60F1000E08CA7 /* Animedia */ = {
			isa = PBXGroup;
			children = (
				A27B52D91FD60F1000E08CA7 /* AppDelegate.swift */,
				A27B52DB1FD60F1000E08CA7 /* ViewController.swift */,
				A27B52DD1FD60F1000E08CA7 /* Main.storyboard */,
				A27B52E01FD60F1000E08CA7 /* Assets.xcassets */,
				A27B52E21FD60F1000E08CA7 /* LaunchScreen.storyboard */,
				A27B52E51FD60F1000E08CA7 /* Info.plist */,
			);
			path = Animedia;
			sourceTree = "<group>";
		};
		A27B52ED1FD60F1000E08CA7 /* AnimediaTests */ = {
			isa = PBXGroup;
			children = (
				A27B52EE1FD60F1000E08CA7 /* AnimediaTests.swift */,
				A27B52F01FD60F1000E08CA7 /* Info.plist */,
			);
			path = AnimediaTests;
			sourceTree = "<group>";
		};
		A27B52F81FD60F1000E08CA7 /* AnimediaUITests */ = {
			isa = PBXGroup;
			children = (
				A27B52F91FD60F1000E08CA7 /* AnimediaUITests.swift */,
				A27B52FB1FD60F1000E08CA7 /* Info.plist */,
			);
			path = AnimediaUITests;
			sourceTree = "<group>";
		};
/* End PBXGroup section */

/* Begin PBXNativeTarget section */
		A27B52D51FD60F1000E08CA7 /* Animedia */ = {
			isa = PBXNativeTarget;
			buildConfigurationList = A27B52FE1FD60F1000E08CA7 /* Build configuration list for PBXNativeTarget "Animedia" */;
			buildPhases = (
				A27B52D21FD60F1000E08CA7 /* Sources */,
				A27B52D31FD60F1000E08CA7 /* Frameworks */,
				A27B52D41FD60F1000E08CA7 /* Resources */,
			);
			buildRules = (
			);
			dependencies = (
			);
			name = Animedia;
			productName = Animedia;
			productReference = A27B52D61FD60F1000E08CA7 /* Animedia.app */;
			productType = "com.apple.product-type.application";
		};
		A27B52E91FD60F1000E08CA7 /* AnimediaTests */ = {
			isa = PBXNativeTarget;
			buildConfigurationList = A27B53011FD60F1000E08CA7 /* Build configuration list for PBXNativeTarget "AnimediaTests" */;
			buildPhases = (
				A27B52E61FD60F1000E08CA7 /* Sources */,
				A27B52E71FD60F1000E08CA7 /* Frameworks */,
				A27B52E81FD60F1000E08CA7 /* Resources */,
			);
			buildRules = (
			);
			dependencies = (
				A27B52EC1FD60F1000E08CA7 /* PBXTargetDependency */,
			);
			name = AnimediaTests;
			productName = AnimediaTests;
			productReference = A27B52EA1FD60F1000E08CA7 /* AnimediaTests.xctest */;
			productType = "com.apple.product-type.bundle.unit-test";
		};
		A27B52F41FD60F1000E08CA7 /* AnimediaUITests */ = {
			isa = PBXNativeTarget;
			buildConfigurationList = A27B53041FD60F1000E08CA7 /* Build configuration list for PBXNativeTarget "AnimediaUITests" */;
			buildPhases = (
				A27B52F11FD60F1000E08CA7 /* Sources */,
				A27B52F21FD60F1000E08CA7 /* Frameworks */,
				A27B52F31FD60F1000E08CA7 /* Resources */,
			);
			buildRules = (
			);
			dependencies = (
				A27B52F71FD60F1000E08CA7 /* PBXTargetDependency */,
			);
			name = AnimediaUITests;
			productName = AnimediaUITests;
			productReference = A27B52F51FD60F1000E08CA7 /* AnimediaUITests.xctest */;
			productType = "com.apple.product-type.bundle.ui-testing";
		};
/* End PBXNativeTarget section */

/* Begin PBXProject section */
		A27B52CE1FD60F0F00E08CA7 /* Project object */ = {
			isa = PBXProject;
			attributes = {
				LastSwiftUpdateCheck = 0910;
				LastUpgradeCheck = 0910;
				ORGANIZATIONNAME = "App Builders";
				TargetAttributes = {
					A27B52D51FD60F1000E08CA7 = {
						CreatedOnToolsVersion = 9.1;
						ProvisioningStyle = Automatic;
					};
					A27B52E91FD60F1000E08CA7 = {
						CreatedOnToolsVersion = 9.1;
						ProvisioningStyle = Automatic;
						TestTargetID = A27B52D51FD60F1000E08CA7;
					};
					A27B52F41FD60F1000E08CA7 = {
						CreatedOnToolsVersion = 9.1;
						ProvisioningStyle = Automatic;
						TestTargetID = A27B52D51FD60F1000E08CA7;
					};
				};
			};
			buildConfigurationList = A27B52D11FD60F0F00E08CA7 /* Build configuration list for PBXProject "Animedia" */;
			compatibilityVersion = "Xcode 8.0";
			developmentRegion = en;
			hasScannedForEncodings = 0;
			knownRegions = (
				en,
				Base,
			);
			mainGroup = A27B52CD1FD60F0F00E08CA7;
			productRefGroup = A27B52D71FD60F1000E08CA7 /* Products */;
			projectDirPath = "";
			projectRoot = "";
			targets = (
				A27B52D51FD60F1000E08CA7 /* Animedia */,
				A27B52E91FD60F1000E08CA7 /* AnimediaTests */,
				A27B52F41FD60F1000E08CA7 /* AnimediaUITests */,
			);
		};
/* End PBXProject section */

/* Begin PBXResourcesBuildPhase section */
		A27B52D41FD60F1000E08CA7 /* Resources */ = {
			isa = PBXResourcesBuildPhase;
			buildActionMask = 2147483647;
			files = (
				A27B52E41FD60F1000E08CA7 /* LaunchScreen.storyboard in Resources */,
				A27B52E11FD60F1000E08CA7 /* Assets.xcassets in Resources */,
				A27B52DF1FD60F1000E08CA7 /* Main.storyboard in Resources */,
			);
			runOnlyForDeploymentPostprocessing = 0;
		};
		A27B52E81FD60F1000E08CA7 /* Resources */ = {
			isa = PBXResourcesBuildPhase;
			buildActionMask = 2147483647;
			files = (
			);
			runOnlyForDeploymentPostprocessing = 0;
		};
		A27B52F31FD60F1000E08CA7 /* Resources */ = {
			isa = PBXResourcesBuildPhase;
			buildActionMask = 2147483647;
			files = (
			);
			runOnlyForDeploymentPostprocessing = 0;
		};
/* End PBXResourcesBuildPhase section */

/* Begin PBXSourcesBuildPhase section */
		A27B52D21FD60F1000E08CA7 /* Sources */ = {
			isa = PBXSourcesBuildPhase;
			buildActionMask = 2147483647;
			files = (
				A27B52DC1FD60F1000E08CA7 /* ViewController.swift in Sources */,
				A27B52DA1FD60F1000E08CA7 /* AppDelegate.swift in Sources */,
			);
			runOnlyForDeploymentPostprocessing = 0;
		};
		A27B52E61FD60F1000E08CA7 /* Sources */ = {
			isa = PBXSourcesBuildPhase;
			buildActionMask = 2147483647;
			files = (
				A27B52EF1FD60F1000E08CA7 /* AnimediaTests.swift in Sources */,
			);
			runOnlyForDeploymentPostprocessing = 0;
		};
		A27B52F11FD60F1000E08CA7 /* Sources */ = {
			isa = PBXSourcesBuildPhase;
			buildActionMask = 2147483647;
			files = (
				A27B52FA1FD60F1000E08CA7 /* AnimediaUITests.swift in Sources */,
			);
			runOnlyForDeploymentPostprocessing = 0;
		};
/* End PBXSourcesBuildPhase section */

/* Begin PBXTargetDependency section */
		A27B52EC1FD60F1000E08CA7 /* PBXTargetDependency */ = {
			isa = PBXTargetDependency;
			target = A27B52D51FD60F1000E08CA7 /* Animedia */;
			targetProxy = A27B52EB1FD60F1000E08CA7 /* PBXContainerItemProxy */;
		};
		A27B52F71FD60F1000E08CA7 /* PBXTargetDependency */ = {
			isa = PBXTargetDependency;
			target = A27B52D51FD60F1000E08CA7 /* Animedia */;
			targetProxy = A27B52F61FD60F1000E08CA7 /* PBXContainerItemProxy */;
		};
/* End PBXTargetDependency section */

/* Begin PBXVariantGroup section */
		A27B52DD1FD60F1000E08CA7 /* Main.storyboard */ = {
			isa = PBXVariantGroup;
			children = (
				A27B52DE1FD60F1000E08CA7 /* Base */,
			);
			name = Main.storyboard;
			sourceTree = "<group>";
		};
		A27B52E21FD60F1000E08CA7 /* LaunchScreen.storyboard */ = {
			isa = PBXVariantGroup;
			children = (
				A27B52E31FD60F1000E08CA7 /* Base */,
			);
			name = LaunchScreen.storyboard;
			sourceTree = "<group>";
		};
/* End PBXVariantGroup section */

/* Begin XCBuildConfiguration section */
		A27B52FC1FD60F1000E08CA7 /* Debug */ = {
			isa = XCBuildConfiguration;
			buildSettings = {
				ALWAYS_SEARCH_USER_PATHS = NO;
				CLANG_ANALYZER_NONNULL = YES;
				CLANG_ANALYZER_NUMBER_OBJECT_CONVERSION = YES_AGGRESSIVE;
				CLANG_CXX_LANGUAGE_STANDARD = "gnu++14";
				CLANG_CXX_LIBRARY = "libc++";
				CLANG_ENABLE_MODULES = YES;
				CLANG_ENABLE_OBJC_ARC = YES;
				CLANG_WARN_BLOCK_CAPTURE_AUTORELEASING = YES;
				CLANG_WARN_BOOL_CONVERSION = YES;
				CLANG_WARN_COMMA = YES;
				CLANG_WARN_CONSTANT_CONVERSION = YES;
				CLANG_WARN_DIRECT_OBJC_ISA_USAGE = YES_ERROR;
				CLANG_WARN_DOCUMENTATION_COMMENTS = YES;
				CLANG_WARN_EMPTY_BODY = YES;
				CLANG_WARN_ENUM_CONVERSION = YES;
				CLANG_WARN_INFINITE_RECURSION = YES;
				CLANG_WARN_INT_CONVERSION = YES;
				CLANG_WARN_NON_LITERAL_NULL_CONVERSION = YES;
				CLANG_WARN_OBJC_LITERAL_CONVERSION = YES;
				CLANG_WARN_OBJC_ROOT_CLASS = YES_ERROR;
				CLANG_WARN_RANGE_LOOP_ANALYSIS = YES;
				CLANG_WARN_STRICT_PROTOTYPES = YES;
				CLANG_WARN_SUSPICIOUS_MOVE = YES;
				CLANG_WARN_UNGUARDED_AVAILABILITY = YES_AGGRESSIVE;
				CLANG_WARN_UNREACHABLE_CODE = YES;
				CLANG_WARN__DUPLICATE_METHOD_MATCH = YES;
				CODE_SIGN_IDENTITY = "iPhone Developer";
				COPY_PHASE_STRIP = NO;
				DEBUG_INFORMATION_FORMAT = dwarf;
				ENABLE_STRICT_OBJC_MSGSEND = YES;
				ENABLE_TESTABILITY = YES;
				GCC_C_LANGUAGE_STANDARD = gnu11;
				GCC_DYNAMIC_NO_PIC = NO;
				GCC_NO_COMMON_BLOCKS = YES;
				GCC_OPTIMIZATION_LEVEL = 0;
				GCC_PREPROCESSOR_DEFINITIONS = (
					"DEBUG=1",
					"$(inherited)",
				);
				GCC_WARN_64_TO_32_BIT_CONVERSION = YES;
				GCC_WARN_ABOUT_RETURN_TYPE = YES_ERROR;
				GCC_WARN_UNDECLARED_SELECTOR = YES;
				GCC_WARN_UNINITIALIZED_AUTOS = YES_AGGRESSIVE;
				GCC_WARN_UNUSED_FUNCTION = YES;
				GCC_WARN_UNUSED_VARIABLE = YES;
				IPHONEOS_DEPLOYMENT_TARGET = 11.1;
				MTL_ENABLE_DEBUG_INFO = YES;
				ONLY_ACTIVE_ARCH = YES;
				SDKROOT = iphoneos;
				SWIFT_ACTIVE_COMPILATION_CONDITIONS = DEBUG;
				SWIFT_OPTIMIZATION_LEVEL = "-Onone";
			};
			name = Debug;
		};
		A27B52FD1FD60F1000E08CA7 /* Release */ = {
			isa = XCBuildConfiguration;
			buildSettings = {
				ALWAYS_SEARCH_USER_PATHS = NO;
				CLANG_ANALYZER_NONNULL = YES;
				CLANG_ANALYZER_NUMBER_OBJECT_CONVERSION = YES_AGGRESSIVE;
				CLANG_CXX_LANGUAGE_STANDARD = "gnu++14";
				CLANG_CXX_LIBRARY = "libc++";
				CLANG_ENABLE_MODULES = YES;
				CLANG_ENABLE_OBJC_ARC = YES;
				CLANG_WARN_BLOCK_CAPTURE_AUTORELEASING = YES;
				CLANG_WARN_BOOL_CONVERSION = YES;
				CLANG_WARN_COMMA = YES;
				CLANG_WARN_CONSTANT_CONVERSION = YES;
				CLANG_WARN_DIRECT_OBJC_ISA_USAGE = YES_ERROR;
				CLANG_WARN_DOCUMENTATION_COMMENTS = YES;
				CLANG_WARN_EMPTY_BODY = YES;
				CLANG_WARN_ENUM_CONVERSION = YES;
				CLANG_WARN_INFINITE_RECURSION = YES;
				CLANG_WARN_INT_CONVERSION = YES;
				CLANG_WARN_NON_LITERAL_NULL_CONVERSION = YES;
				CLANG_WARN_OBJC_LITERAL_CONVERSION = YES;
				CLANG_WARN_OBJC_ROOT_CLASS = YES_ERROR;
				CLANG_WARN_RANGE_LOOP_ANALYSIS = YES;
				CLANG_WARN_STRICT_PROTOTYPES = YES;
				CLANG_WARN_SUSPICIOUS_MOVE = YES;
				CLANG_WARN_UNGUARDED_AVAILABILITY = YES_AGGRESSIVE;
				CLANG_WARN_UNREACHABLE_CODE = YES;
				CLANG_WARN__DUPLICATE_METHOD_MATCH = YES;
				CODE_SIGN_IDENTITY = "iPhone Developer";
				COPY_PHASE_STRIP = NO;
				DEBUG_INFORMATION_FORMAT = "dwarf-with-dsym";
				ENABLE_NS_ASSERTIONS = NO;
				ENABLE_STRICT_OBJC_MSGSEND = YES;
				GCC_C_LANGUAGE_STANDARD = gnu11;
				GCC_NO_COMMON_BLOCKS = YES;
				GCC_WARN_64_TO_32_BIT_CONVERSION = YES;
				GCC_WARN_ABOUT_RETURN_TYPE = YES_ERROR;
				GCC_WARN_UNDECLARED_SELECTOR = YES;
				GCC_WARN_UNINITIALIZED_AUTOS = YES_AGGRESSIVE;
				GCC_WARN_UNUSED_FUNCTION = YES;
				GCC_WARN_UNUSED_VARIABLE = YES;
				IPHONEOS_DEPLOYMENT_TARGET = 11.1;
				MTL_ENABLE_DEBUG_INFO = NO;
				SDKROOT = iphoneos;
				SWIFT_OPTIMIZATION_LEVEL = "-Owholemodule";
				VALIDATE_PRODUCT = YES;
			};
			name = Release;
		};
		A27B52FF1FD60F1000E08CA7 /* Debug */ = {
			isa = XCBuildConfiguration;
			buildSettings = {
				ASSETCATALOG_COMPILER_APPICON_NAME = AppIcon;
				CODE_SIGN_STYLE = Automatic;
				INFOPLIST_FILE = Animedia/Info.plist;
				LD_RUNPATH_SEARCH_PATHS = "$(inherited) @executable_path/Frameworks";
				PRODUCT_BUNDLE_IDENTIFIER = com.appbuilders.Animedia;
				PRODUCT_NAME = "$(TARGET_NAME)";
				SWIFT_VERSION = 4.0;
				TARGETED_DEVICE_FAMILY = "1,2";
			};
			name = Debug;
		};
		A27B53001FD60F1000E08CA7 /* Release */ = {
			isa = XCBuildConfiguration;
			buildSettings = {
				ASSETCATALOG_COMPILER_APPICON_NAME = AppIcon;
				CODE_SIGN_STYLE = Automatic;
				INFOPLIST_FILE = Animedia/Info.plist;
				LD_RUNPATH_SEARCH_PATHS = "$(inherited) @executable_path/Frameworks";
				PRODUCT_BUNDLE_IDENTIFIER = com.appbuilders.Animedia;
				PRODUCT_NAME = "$(TARGET_NAME)";
				SWIFT_VERSION = 4.0;
				TARGETED_DEVICE_FAMILY = "1,2";
			};
			name = Release;
		};
		A27B53021FD60F1000E08CA7 /* Debug */ = {
			isa = XCBuildConfiguration;
			buildSettings = {
				ALWAYS_EMBED_SWIFT_STANDARD_LIBRARIES = YES;
				BUNDLE_LOADER = "$(TEST_HOST)";
				CODE_SIGN_STYLE = Automatic;
				INFOPLIST_FILE = AnimediaTests/Info.plist;
				LD_RUNPATH_SEARCH_PATHS = "$(inherited) @executable_path/Frameworks @loader_path/Frameworks";
				PRODUCT_BUNDLE_IDENTIFIER = com.appbuilders.AnimediaTests;
				PRODUCT_NAME = "$(TARGET_NAME)";
				SWIFT_VERSION = 4.0;
				TARGETED_DEVICE_FAMILY = "1,2";
				TEST_HOST = "$(BUILT_PRODUCTS_DIR)/Animedia.app/Animedia";
			};
			name = Debug;
		};
		A27B53031FD60F1000E08CA7 /* Release */ = {
			isa = XCBuildConfiguration;
			buildSettings = {
				ALWAYS_EMBED_SWIFT_STANDARD_LIBRARIES = YES;
				BUNDLE_LOADER = "$(TEST_HOST)";
				CODE_SIGN_STYLE = Automatic;
				INFOPLIST_FILE = AnimediaTests/Info.plist;
				LD_RUNPATH_SEARCH_PATHS = "$(inherited) @executable_path/Frameworks @loader_path/Frameworks";
				PRODUCT_BUNDLE_IDENTIFIER = com.appbuilders.AnimediaTests;
				PRODUCT_NAME = "$(TARGET_NAME)";
				SWIFT_VERSION = 4.0;
				TARGETED_DEVICE_FAMILY = "1,2";
				TEST_HOST = "$(BUILT_PRODUCTS_DIR)/Animedia.app/Animedia";
			};
			name = Release;
		};
		A27B53051FD60F1000E08CA7 /* Debug */ = {
			isa = XCBuildConfiguration;
			buildSettings = {
				ALWAYS_EMBED_SWIFT_STANDARD_LIBRARIES = YES;
				CODE_SIGN_STYLE = Automatic;
				INFOPLIST_FILE = AnimediaUITests/Info.plist;
				LD_RUNPATH_SEARCH_PATHS = "$(inherited) @executable_path/Frameworks @loader_path/Frameworks";
				PRODUCT_BUNDLE_IDENTIFIER = com.appbuilders.AnimediaUITests;
				PRODUCT_NAME = "$(TARGET_NAME)";
				SWIFT_VERSION = 4.0;
				TARGETED_DEVICE_FAMILY = "1,2";
				TEST_TARGET_NAME = Animedia;
			};
			name = Debug;
		};
		A27B53061FD60F1000E08CA7 /* Release */ = {
			isa = XCBuildConfiguration;
			buildSettings = {
				ALWAYS_EMBED_SWIFT_STANDARD_LIBRARIES = YES;
				CODE_SIGN_STYLE = Automatic;
				INFOPLIST_FILE = AnimediaUITests/Info.plist;
				LD_RUNPATH_SEARCH_PATHS = "$(inherited) @executable_path/Frameworks @loader_path/Frameworks";
				PRODUCT_BUNDLE_IDENTIFIER = com.appbuilders.AnimediaUITests;
				PRODUCT_NAME = "$(TARGET_NAME)";
				SWIFT_VERSION = 4.0;
				TARGETED_DEVICE_FAMILY = "1,2";
				TEST_TARGET_NAME = Animedia;
			};
			name = Release;
		};
/* End XCBuildConfiguration section */

/* Begin XCConfigurationList section */
		A27B52D11FD60F0F00E08CA7 /* Build configuration list for PBXProject "Animedia" */ = {
			isa = XCConfigurationList;
			buildConfigurations = (
				A27B52FC1FD60F1000E08CA7 /* Debug */,
				A27B52FD1FD60F1000E08CA7 /* Release */,
			);
			defaultConfigurationIsVisible = 0;
			defaultConfigurationName = Release;
		};
		A27B52FE1FD60F1000E08CA7 /* Build configuration list for PBXNativeTarget "Animedia" */ = {
			isa = XCConfigurationList;
			buildConfigurations = (
				A27B52FF1FD60F1000E08CA7 /* Debug */,
				A27B53001FD60F1000E08CA7 /* Release */,
			);
			defaultConfigurationIsVisible = 0;
			defaultConfigurationName = Release;
		};
		A27B53011FD60F1000E08CA7 /* Build configuration list for PBXNativeTarget "AnimediaTests" */ = {
			isa = XCConfigurationList;
			buildConfigurations = (
				A27B53021FD60F1000E08CA7 /* Debug */,
				A27B53031FD60F1000E08CA7 /* Release */,
			);
			defaultConfigurationIsVisible = 0;
			defaultConfigurationName = Release;
		};
		A27B53041FD60F1000E08CA7 /* Build configuration list for PBXNativeTarget "AnimediaUITests" */ = {
			isa = XCConfigurationList;
			buildConfigurations = (
				A27B53051FD60F1000E08CA7 /* Debug */,
				A27B53061FD60F1000E08CA7 /* Release */,
			);
			defaultConfigurationIsVisible = 0;
			defaultConfigurationName = Release;
		};
/* End XCConfigurationList section */
	};
	rootObject = A27B52CE1FD60F0F00E08CA7 /* Project object */;
}
