// !$*UTF8*$!
{
	archiveVersion = 1;
	classes = {
	};
	objectVersion = 48;
	objects = {

/* Begin PBXBuildFile section */
		A27B534E1FD6120900E08CA7 /* AppDelegate.swift in Sources */ = {isa = PBXBuildFile; fileRef = A27B534D1FD6120900E08CA7 /* AppDelegate.swift */; };
		A27B53501FD6120900E08CA7 /* ViewController.swift in Sources */ = {isa = PBXBuildFile; fileRef = A27B534F1FD6120900E08CA7 /* ViewController.swift */; };
		A27B53531FD6120900E08CA7 /* Main.storyboard in Resources */ = {isa = PBXBuildFile; fileRef = A27B53511FD6120900E08CA7 /* Main.storyboard */; };
		A27B53551FD6120900E08CA7 /* Assets.xcassets in Resources */ = {isa = PBXBuildFile; fileRef = A27B53541FD6120900E08CA7 /* Assets.xcassets */; };
		A27B53581FD6120900E08CA7 /* LaunchScreen.storyboard in Resources */ = {isa = PBXBuildFile; fileRef = A27B53561FD6120900E08CA7 /* LaunchScreen.storyboard */; };
		A27B53631FD6120900E08CA7 /* AnimnediaTests.swift in Sources */ = {isa = PBXBuildFile; fileRef = A27B53621FD6120900E08CA7 /* AnimnediaTests.swift */; };
		A27B536E1FD6120900E08CA7 /* AnimnediaUITests.swift in Sources */ = {isa = PBXBuildFile; fileRef = A27B536D1FD6120900E08CA7 /* AnimnediaUITests.swift */; };
		A27B537C1FD633BE00E08CA7 /* Default-568h@2x.png in Resources */ = {isa = PBXBuildFile; fileRef = A27B537B1FD633BE00E08CA7 /* Default-568h@2x.png */; };
/* End PBXBuildFile section */

/* Begin PBXContainerItemProxy section */
		A27B535F1FD6120900E08CA7 /* PBXContainerItemProxy */ = {
			isa = PBXContainerItemProxy;
			containerPortal = A27B53421FD6120900E08CA7 /* Project object */;
			proxyType = 1;
			remoteGlobalIDString = A27B53491FD6120900E08CA7;
			remoteInfo = Animnedia;
		};
		A27B536A1FD6120900E08CA7 /* PBXContainerItemProxy */ = {
			isa = PBXContainerItemProxy;
			containerPortal = A27B53421FD6120900E08CA7 /* Project object */;
			proxyType = 1;
			remoteGlobalIDString = A27B53491FD6120900E08CA7;
			remoteInfo = Animnedia;
		};
/* End PBXContainerItemProxy section */

/* Begin PBXFileReference section */
		A27B534A1FD6120900E08CA7 /* Animnedia.app */ = {isa = PBXFileReference; explicitFileType = wrapper.application; includeInIndex = 0; path = Animnedia.app; sourceTree = BUILT_PRODUCTS_DIR; };
		A27B534D1FD6120900E08CA7 /* AppDelegate.swift */ = {isa = PBXFileReference; lastKnownFileType = sourcecode.swift; path = AppDelegate.swift; sourceTree = "<group>"; };
		A27B534F1FD6120900E08CA7 /* ViewController.swift */ = {isa = PBXFileReference; lastKnownFileType = sourcecode.swift; path = ViewController.swift; sourceTree = "<group>"; };
		A27B53521FD6120900E08CA7 /* Base */ = {isa = PBXFileReference; lastKnownFileType = file.storyboard; name = Base; path = Base.lproj/Main.storyboard; sourceTree = "<group>"; };
		A27B53541FD6120900E08CA7 /* Assets.xcassets */ = {isa = PBXFileReference; lastKnownFileType = folder.assetcatalog; path = Assets.xcassets; sourceTree = "<group>"; };
		A27B53571FD6120900E08CA7 /* Base */ = {isa = PBXFileReference; lastKnownFileType = file.storyboard; name = Base; path = Base.lproj/LaunchScreen.storyboard; sourceTree = "<group>"; };
		A27B53591FD6120900E08CA7 /* Info.plist */ = {isa = PBXFileReference; lastKnownFileType = text.plist.xml; path = Info.plist; sourceTree = "<group>"; };
		A27B535E1FD6120900E08CA7 /* AnimnediaTests.xctest */ = {isa = PBXFileReference; explicitFileType = wrapper.cfbundle; includeInIndex = 0; path = AnimnediaTests.xctest; sourceTree = BUILT_PRODUCTS_DIR; };
		A27B53621FD6120900E08CA7 /* AnimnediaTests.swift */ = {isa = PBXFileReference; lastKnownFileType = sourcecode.swift; path = AnimnediaTests.swift; sourceTree = "<group>"; };
		A27B53641FD6120900E08CA7 /* Info.plist */ = {isa = PBXFileReference; lastKnownFileType = text.plist.xml; path = Info.plist; sourceTree = "<group>"; };
		A27B53691FD6120900E08CA7 /* AnimnediaUITests.xctest */ = {isa = PBXFileReference; explicitFileType = wrapper.cfbundle; includeInIndex = 0; path = AnimnediaUITests.xctest; sourceTree = BUILT_PRODUCTS_DIR; };
		A27B536D1FD6120900E08CA7 /* AnimnediaUITests.swift */ = {isa = PBXFileReference; lastKnownFileType = sourcecode.swift; path = AnimnediaUITests.swift; sourceTree = "<group>"; };
		A27B536F1FD6120900E08CA7 /* Info.plist */ = {isa = PBXFileReference; lastKnownFileType = text.plist.xml; path = Info.plist; sourceTree = "<group>"; };
		A27B537B1FD633BE00E08CA7 /* Default-568h@2x.png */ = {isa = PBXFileReference; lastKnownFileType = image.png; path = "Default-568h@2x.png"; sourceTree = "<group>"; };
/* End PBXFileReference section */

/* Begin PBXFrameworksBuildPhase section */
		A27B53471FD6120900E08CA7 /* Frameworks */ = {
			isa = PBXFrameworksBuildPhase;
			buildActionMask = 2147483647;
			files = (
			);
			runOnlyForDeploymentPostprocessing = 0;
		};
		A27B535B1FD6120900E08CA7 /* Frameworks */ = {
			isa = PBXFrameworksBuildPhase;
			buildActionMask = 2147483647;
			files = (
			);
			runOnlyForDeploymentPostprocessing = 0;
		};
		A27B53661FD6120900E08CA7 /* Frameworks */ = {
			isa = PBXFrameworksBuildPhase;
			buildActionMask = 2147483647;
			files = (
			);
			runOnlyForDeploymentPostprocessing = 0;
		};
/* End PBXFrameworksBuildPhase section */

/* Begin PBXGroup section */
		A27B53411FD6120900E08CA7 = {
			isa = PBXGroup;
			children = (
				A27B537B1FD633BE00E08CA7 /* Default-568h@2x.png */,
				A27B534C1FD6120900E08CA7 /* Animnedia */,
				A27B53611FD6120900E08CA7 /* AnimnediaTests */,
				A27B536C1FD6120900E08CA7 /* AnimnediaUITests */,
				A27B534B1FD6120900E08CA7 /* Products */,
			);
			sourceTree = "<group>";
		};
		A27B534B1FD6120900E08CA7 /* Products */ = {
			isa = PBXGroup;
			children = (
				A27B534A1FD6120900E08CA7 /* Animnedia.app */,
				A27B535E1FD6120900E08CA7 /* AnimnediaTests.xctest */,
				A27B53691FD6120900E08CA7 /* AnimnediaUITests.xctest */,
			);
			name = Products;
			sourceTree = "<group>";
		};
		A27B534C1FD6120900E08CA7 /* Animnedia */ = {
			isa = PBXGroup;
			children = (
				A27B534D1FD6120900E08CA7 /* AppDelegate.swift */,
				A27B534F1FD6120900E08CA7 /* ViewController.swift */,
				A27B53511FD6120900E08CA7 /* Main.storyboard */,
				A27B53541FD6120900E08CA7 /* Assets.xcassets */,
				A27B53561FD6120900E08CA7 /* LaunchScreen.storyboard */,
				A27B53591FD6120900E08CA7 /* Info.plist */,
			);
			path = Animnedia;
			sourceTree = "<group>";
		};
		A27B53611FD6120900E08CA7 /* AnimnediaTests */ = {
			isa = PBXGroup;
			children = (
				A27B53621FD6120900E08CA7 /* AnimnediaTests.swift */,
				A27B53641FD6120900E08CA7 /* Info.plist */,
			);
			path = AnimnediaTests;
			sourceTree = "<group>";
		};
		A27B536C1FD6120900E08CA7 /* AnimnediaUITests */ = {
			isa = PBXGroup;
			children = (
				A27B536D1FD6120900E08CA7 /* AnimnediaUITests.swift */,
				A27B536F1FD6120900E08CA7 /* Info.plist */,
			);
			path = AnimnediaUITests;
			sourceTree = "<group>";
		};
/* End PBXGroup section */

/* Begin PBXNativeTarget section */
		A27B53491FD6120900E08CA7 /* Animnedia */ = {
			isa = PBXNativeTarget;
			buildConfigurationList = A27B53721FD6120900E08CA7 /* Build configuration list for PBXNativeTarget "Animnedia" */;
			buildPhases = (
				A27B53461FD6120900E08CA7 /* Sources */,
				A27B53471FD6120900E08CA7 /* Frameworks */,
				A27B53481FD6120900E08CA7 /* Resources */,
			);
			buildRules = (
			);
			dependencies = (
			);
			name = Animnedia;
			productName = Animnedia;
			productReference = A27B534A1FD6120900E08CA7 /* Animnedia.app */;
			productType = "com.apple.product-type.application";
		};
		A27B535D1FD6120900E08CA7 /* AnimnediaTests */ = {
			isa = PBXNativeTarget;
			buildConfigurationList = A27B53751FD6120900E08CA7 /* Build configuration list for PBXNativeTarget "AnimnediaTests" */;
			buildPhases = (
				A27B535A1FD6120900E08CA7 /* Sources */,
				A27B535B1FD6120900E08CA7 /* Frameworks */,
				A27B535C1FD6120900E08CA7 /* Resources */,
			);
			buildRules = (
			);
			dependencies = (
				A27B53601FD6120900E08CA7 /* PBXTargetDependency */,
			);
			name = AnimnediaTests;
			productName = AnimnediaTests;
			productReference = A27B535E1FD6120900E08CA7 /* AnimnediaTests.xctest */;
			productType = "com.apple.product-type.bundle.unit-test";
		};
		A27B53681FD6120900E08CA7 /* AnimnediaUITests */ = {
			isa = PBXNativeTarget;
			buildConfigurationList = A27B53781FD6120900E08CA7 /* Build configuration list for PBXNativeTarget "AnimnediaUITests" */;
			buildPhases = (
				A27B53651FD6120900E08CA7 /* Sources */,
				A27B53661FD6120900E08CA7 /* Frameworks */,
				A27B53671FD6120900E08CA7 /* Resources */,
			);
			buildRules = (
			);
			dependencies = (
				A27B536B1FD6120900E08CA7 /* PBXTargetDependency */,
			);
			name = AnimnediaUITests;
			productName = AnimnediaUITests;
			productReference = A27B53691FD6120900E08CA7 /* AnimnediaUITests.xctest */;
			productType = "com.apple.product-type.bundle.ui-testing";
		};
/* End PBXNativeTarget section */

/* Begin PBXProject section */
		A27B53421FD6120900E08CA7 /* Project object */ = {
			isa = PBXProject;
			attributes = {
				LastSwiftUpdateCheck = 0910;
				LastUpgradeCheck = 0910;
				ORGANIZATIONNAME = "App Builders";
				TargetAttributes = {
					A27B53491FD6120900E08CA7 = {
						CreatedOnToolsVersion = 9.1;
						ProvisioningStyle = Automatic;
					};
					A27B535D1FD6120900E08CA7 = {
						CreatedOnToolsVersion = 9.1;
						ProvisioningStyle = Automatic;
						TestTargetID = A27B53491FD6120900E08CA7;
					};
					A27B53681FD6120900E08CA7 = {
						CreatedOnToolsVersion = 9.1;
						ProvisioningStyle = Automatic;
						TestTargetID = A27B53491FD6120900E08CA7;
					};
				};
			};
			buildConfigurationList = A27B53451FD6120900E08CA7 /* Build configuration list for PBXProject "Animnedia" */;
			compatibilityVersion = "Xcode 8.0";
			developmentRegion = en;
			hasScannedForEncodings = 0;
			knownRegions = (
				en,
				Base,
			);
			mainGroup = A27B53411FD6120900E08CA7;
			productRefGroup = A27B534B1FD6120900E08CA7 /* Products */;
			projectDirPath = "";
			projectRoot = "";
			targets = (
				A27B53491FD6120900E08CA7 /* Animnedia */,
				A27B535D1FD6120900E08CA7 /* AnimnediaTests */,
				A27B53681FD6120900E08CA7 /* AnimnediaUITests */,
			);
		};
/* End PBXProject section */

/* Begin PBXResourcesBuildPhase section */
		A27B53481FD6120900E08CA7 /* Resources */ = {
			isa = PBXResourcesBuildPhase;
			buildActionMask = 2147483647;
			files = (
				A27B53581FD6120900E08CA7 /* LaunchScreen.storyboard in Resources */,
				A27B537C1FD633BE00E08CA7 /* Default-568h@2x.png in Resources */,
				A27B53551FD6120900E08CA7 /* Assets.xcassets in Resources */,
				A27B53531FD6120900E08CA7 /* Main.storyboard in Resources */,
			);
			runOnlyForDeploymentPostprocessing = 0;
		};
		A27B535C1FD6120900E08CA7 /* Resources */ = {
			isa = PBXResourcesBuildPhase;
			buildActionMask = 2147483647;
			files = (
			);
			runOnlyForDeploymentPostprocessing = 0;
		};
		A27B53671FD6120900E08CA7 /* Resources */ = {
			isa = PBXResourcesBuildPhase;
			buildActionMask = 2147483647;
			files = (
			);
			runOnlyForDeploymentPostprocessing = 0;
		};
/* End PBXResourcesBuildPhase section */

/* Begin PBXSourcesBuildPhase section */
		A27B53461FD6120900E08CA7 /* Sources */ = {
			isa = PBXSourcesBuildPhase;
			buildActionMask = 2147483647;
			files = (
				A27B53501FD6120900E08CA7 /* ViewController.swift in Sources */,
				A27B534E1FD6120900E08CA7 /* AppDelegate.swift in Sources */,
			);
			runOnlyForDeploymentPostprocessing = 0;
		};
		A27B535A1FD6120900E08CA7 /* Sources */ = {
			isa = PBXSourcesBuildPhase;
			buildActionMask = 2147483647;
			files = (
				A27B53631FD6120900E08CA7 /* AnimnediaTests.swift in Sources */,
			);
			runOnlyForDeploymentPostprocessing = 0;
		};
		A27B53651FD6120900E08CA7 /* Sources */ = {
			isa = PBXSourcesBuildPhase;
			buildActionMask = 2147483647;
			files = (
				A27B536E1FD6120900E08CA7 /* AnimnediaUITests.swift in Sources */,
			);
			runOnlyForDeploymentPostprocessing = 0;
		};
/* End PBXSourcesBuildPhase section */

/* Begin PBXTargetDependency section */
		A27B53601FD6120900E08CA7 /* PBXTargetDependency */ = {
			isa = PBXTargetDependency;
			target = A27B53491FD6120900E08CA7 /* Animnedia */;
			targetProxy = A27B535F1FD6120900E08CA7 /* PBXContainerItemProxy */;
		};
		A27B536B1FD6120900E08CA7 /* PBXTargetDependency */ = {
			isa = PBXTargetDependency;
			target = A27B53491FD6120900E08CA7 /* Animnedia */;
			targetProxy = A27B536A1FD6120900E08CA7 /* PBXContainerItemProxy */;
		};
/* End PBXTargetDependency section */

/* Begin PBXVariantGroup section */
		A27B53511FD6120900E08CA7 /* Main.storyboard */ = {
			isa = PBXVariantGroup;
			children = (
				A27B53521FD6120900E08CA7 /* Base */,
			);
			name = Main.storyboard;
			sourceTree = "<group>";
		};
		A27B53561FD6120900E08CA7 /* LaunchScreen.storyboard */ = {
			isa = PBXVariantGroup;
			children = (
				A27B53571FD6120900E08CA7 /* Base */,
			);
			name = LaunchScreen.storyboard;
			sourceTree = "<group>";
		};
/* End PBXVariantGroup section */

/* Begin XCBuildConfiguration section */
		A27B53701FD6120900E08CA7 /* Debug */ = {
			isa = XCBuildConfiguration;
			buildSettings = {
				ALWAYS_SEARCH_USER_PATHS = NO;
				CLANG_ANALYZER_NONNULL = YES;
				CLANG_ANALYZER_NUMBER_OBJECT_CONVERSION = YES_AGGRESSIVE;
				CLANG_CXX_LANGUAGE_STANDARD = "gnu++14";
				CLANG_CXX_LIBRARY = "libc++";
				CLANG_ENABLE_MODULES = YES;
				CLANG_ENABLE_OBJC_ARC = YES;
				CLANG_WARN_BLOCK_CAPTURE_AUTORELEASING = YES;
				CLANG_WARN_BOOL_CONVERSION = YES;
				CLANG_WARN_COMMA = YES;
				CLANG_WARN_CONSTANT_CONVERSION = YES;
				CLANG_WARN_DIRECT_OBJC_ISA_USAGE = YES_ERROR;
				CLANG_WARN_DOCUMENTATION_COMMENTS = YES;
				CLANG_WARN_EMPTY_BODY = YES;
				CLANG_WARN_ENUM_CONVERSION = YES;
				CLANG_WARN_INFINITE_RECURSION = YES;
				CLANG_WARN_INT_CONVERSION = YES;
				CLANG_WARN_NON_LITERAL_NULL_CONVERSION = YES;
				CLANG_WARN_OBJC_LITERAL_CONVERSION = YES;
				CLANG_WARN_OBJC_ROOT_CLASS = YES_ERROR;
				CLANG_WARN_RANGE_LOOP_ANALYSIS = YES;
				CLANG_WARN_STRICT_PROTOTYPES = YES;
				CLANG_WARN_SUSPICIOUS_MOVE = YES;
				CLANG_WARN_UNGUARDED_AVAILABILITY = YES_AGGRESSIVE;
				CLANG_WARN_UNREACHABLE_CODE = YES;
				CLANG_WARN__DUPLICATE_METHOD_MATCH = YES;
				CODE_SIGN_IDENTITY = "iPhone Developer";
				COPY_PHASE_STRIP = NO;
				DEBUG_INFORMATION_FORMAT = dwarf;
				ENABLE_STRICT_OBJC_MSGSEND = YES;
				ENABLE_TESTABILITY = YES;
				GCC_C_LANGUAGE_STANDARD = gnu11;
				GCC_DYNAMIC_NO_PIC = NO;
				GCC_NO_COMMON_BLOCKS = YES;
				GCC_OPTIMIZATION_LEVEL = 0;
				GCC_PREPROCESSOR_DEFINITIONS = (
					"DEBUG=1",
					"$(inherited)",
				);
				GCC_WARN_64_TO_32_BIT_CONVERSION = YES;
				GCC_WARN_ABOUT_RETURN_TYPE = YES_ERROR;
				GCC_WARN_UNDECLARED_SELECTOR = YES;
				GCC_WARN_UNINITIALIZED_AUTOS = YES_AGGRESSIVE;
				GCC_WARN_UNUSED_FUNCTION = YES;
				GCC_WARN_UNUSED_VARIABLE = YES;
				IPHONEOS_DEPLOYMENT_TARGET = 11.1;
				MTL_ENABLE_DEBUG_INFO = YES;
				ONLY_ACTIVE_ARCH = YES;
				SDKROOT = iphoneos;
				SWIFT_ACTIVE_COMPILATION_CONDITIONS = DEBUG;
				SWIFT_OPTIMIZATION_LEVEL = "-Onone";
			};
			name = Debug;
		};
		A27B53711FD6120900E08CA7 /* Release */ = {
			isa = XCBuildConfiguration;
			buildSettings = {
				ALWAYS_SEARCH_USER_PATHS = NO;
				CLANG_ANALYZER_NONNULL = YES;
				CLANG_ANALYZER_NUMBER_OBJECT_CONVERSION = YES_AGGRESSIVE;
				CLANG_CXX_LANGUAGE_STANDARD = "gnu++14";
				CLANG_CXX_LIBRARY = "libc++";
				CLANG_ENABLE_MODULES = YES;
				CLANG_ENABLE_OBJC_ARC = YES;
				CLANG_WARN_BLOCK_CAPTURE_AUTORELEASING = YES;
				CLANG_WARN_BOOL_CONVERSION = YES;
				CLANG_WARN_COMMA = YES;
				CLANG_WARN_CONSTANT_CONVERSION = YES;
				CLANG_WARN_DIRECT_OBJC_ISA_USAGE = YES_ERROR;
				CLANG_WARN_DOCUMENTATION_COMMENTS = YES;
				CLANG_WARN_EMPTY_BODY = YES;
				CLANG_WARN_ENUM_CONVERSION = YES;
				CLANG_WARN_INFINITE_RECURSION = YES;
				CLANG_WARN_INT_CONVERSION = YES;
				CLANG_WARN_NON_LITERAL_NULL_CONVERSION = YES;
				CLANG_WARN_OBJC_LITERAL_CONVERSION = YES;
				CLANG_WARN_OBJC_ROOT_CLASS = YES_ERROR;
				CLANG_WARN_RANGE_LOOP_ANALYSIS = YES;
				CLANG_WARN_STRICT_PROTOTYPES = YES;
				CLANG_WARN_SUSPICIOUS_MOVE = YES;
				CLANG_WARN_UNGUARDED_AVAILABILITY = YES_AGGRESSIVE;
				CLANG_WARN_UNREACHABLE_CODE = YES;
				CLANG_WARN__DUPLICATE_METHOD_MATCH = YES;
				CODE_SIGN_IDENTITY = "iPhone Developer";
				COPY_PHASE_STRIP = NO;
				DEBUG_INFORMATION_FORMAT = "dwarf-with-dsym";
				ENABLE_NS_ASSERTIONS = NO;
				ENABLE_STRICT_OBJC_MSGSEND = YES;
				GCC_C_LANGUAGE_STANDARD = gnu11;
				GCC_NO_COMMON_BLOCKS = YES;
				GCC_WARN_64_TO_32_BIT_CONVERSION = YES;
				GCC_WARN_ABOUT_RETURN_TYPE = YES_ERROR;
				GCC_WARN_UNDECLARED_SELECTOR = YES;
				GCC_WARN_UNINITIALIZED_AUTOS = YES_AGGRESSIVE;
				GCC_WARN_UNUSED_FUNCTION = YES;
				GCC_WARN_UNUSED_VARIABLE = YES;
				IPHONEOS_DEPLOYMENT_TARGET = 11.1;
				MTL_ENABLE_DEBUG_INFO = NO;
				SDKROOT = iphoneos;
				SWIFT_OPTIMIZATION_LEVEL = "-Owholemodule";
				VALIDATE_PRODUCT = YES;
			};
			name = Release;
		};
		A27B53731FD6120900E08CA7 /* Debug */ = {
			isa = XCBuildConfiguration;
			buildSettings = {
				ASSETCATALOG_COMPILER_APPICON_NAME = AppIcon;
				ASSETCATALOG_COMPILER_LAUNCHIMAGE_NAME = LaunchImage;
				CODE_SIGN_STYLE = Automatic;
				INFOPLIST_FILE = Animnedia/Info.plist;
				LD_RUNPATH_SEARCH_PATHS = "$(inherited) @executable_path/Frameworks";
				PRODUCT_BUNDLE_IDENTIFIER = com.appbuilders.Animnedia;
				PRODUCT_NAME = "$(TARGET_NAME)";
				SWIFT_VERSION = 4.0;
				TARGETED_DEVICE_FAMILY = "1,2";
			};
			name = Debug;
		};
		A27B53741FD6120900E08CA7 /* Release */ = {
			isa = XCBuildConfiguration;
			buildSettings = {
				ASSETCATALOG_COMPILER_APPICON_NAME = AppIcon;
				ASSETCATALOG_COMPILER_LAUNCHIMAGE_NAME = LaunchImage;
				CODE_SIGN_STYLE = Automatic;
				INFOPLIST_FILE = Animnedia/Info.plist;
				LD_RUNPATH_SEARCH_PATHS = "$(inherited) @executable_path/Frameworks";
				PRODUCT_BUNDLE_IDENTIFIER = com.appbuilders.Animnedia;
				PRODUCT_NAME = "$(TARGET_NAME)";
				SWIFT_VERSION = 4.0;
				TARGETED_DEVICE_FAMILY = "1,2";
			};
			name = Release;
		};
		A27B53761FD6120900E08CA7 /* Debug */ = {
			isa = XCBuildConfiguration;
			buildSettings = {
				ALWAYS_EMBED_SWIFT_STANDARD_LIBRARIES = YES;
				BUNDLE_LOADER = "$(TEST_HOST)";
				CODE_SIGN_STYLE = Automatic;
				INFOPLIST_FILE = AnimnediaTests/Info.plist;
				LD_RUNPATH_SEARCH_PATHS = "$(inherited) @executable_path/Frameworks @loader_path/Frameworks";
				PRODUCT_BUNDLE_IDENTIFIER = com.appbuilders.AnimnediaTests;
				PRODUCT_NAME = "$(TARGET_NAME)";
				SWIFT_VERSION = 4.0;
				TARGETED_DEVICE_FAMILY = "1,2";
				TEST_HOST = "$(BUILT_PRODUCTS_DIR)/Animnedia.app/Animnedia";
			};
			name = Debug;
		};
		A27B53771FD6120900E08CA7 /* Release */ = {
			isa = XCBuildConfiguration;
			buildSettings = {
				ALWAYS_EMBED_SWIFT_STANDARD_LIBRARIES = YES;
				BUNDLE_LOADER = "$(TEST_HOST)";
				CODE_SIGN_STYLE = Automatic;
				INFOPLIST_FILE = AnimnediaTests/Info.plist;
				LD_RUNPATH_SEARCH_PATHS = "$(inherited) @executable_path/Frameworks @loader_path/Frameworks";
				PRODUCT_BUNDLE_IDENTIFIER = com.appbuilders.AnimnediaTests;
				PRODUCT_NAME = "$(TARGET_NAME)";
				SWIFT_VERSION = 4.0;
				TARGETED_DEVICE_FAMILY = "1,2";
				TEST_HOST = "$(BUILT_PRODUCTS_DIR)/Animnedia.app/Animnedia";
			};
			name = Release;
		};
		A27B53791FD6120900E08CA7 /* Debug */ = {
			isa = XCBuildConfiguration;
			buildSettings = {
				ALWAYS_EMBED_SWIFT_STANDARD_LIBRARIES = YES;
				CODE_SIGN_STYLE = Automatic;
				INFOPLIST_FILE = AnimnediaUITests/Info.plist;
				LD_RUNPATH_SEARCH_PATHS = "$(inherited) @executable_path/Frameworks @loader_path/Frameworks";
				PRODUCT_BUNDLE_IDENTIFIER = com.appbuilders.AnimnediaUITests;
				PRODUCT_NAME = "$(TARGET_NAME)";
				SWIFT_VERSION = 4.0;
				TARGETED_DEVICE_FAMILY = "1,2";
				TEST_TARGET_NAME = Animnedia;
			};
			name = Debug;
		};
		A27B537A1FD6120900E08CA7 /* Release */ = {
			isa = XCBuildConfiguration;
			buildSettings = {
				ALWAYS_EMBED_SWIFT_STANDARD_LIBRARIES = YES;
				CODE_SIGN_STYLE = Automatic;
				INFOPLIST_FILE = AnimnediaUITests/Info.plist;
				LD_RUNPATH_SEARCH_PATHS = "$(inherited) @executable_path/Frameworks @loader_path/Frameworks";
				PRODUCT_BUNDLE_IDENTIFIER = com.appbuilders.AnimnediaUITests;
				PRODUCT_NAME = "$(TARGET_NAME)";
				SWIFT_VERSION = 4.0;
				TARGETED_DEVICE_FAMILY = "1,2";
				TEST_TARGET_NAME = Animnedia;
			};
			name = Release;
		};
/* End XCBuildConfiguration section */

/* Begin XCConfigurationList section */
		A27B53451FD6120900E08CA7 /* Build configuration list for PBXProject "Animnedia" */ = {
			isa = XCConfigurationList;
			buildConfigurations = (
				A27B53701FD6120900E08CA7 /* Debug */,
				A27B53711FD6120900E08CA7 /* Release */,
			);
			defaultConfigurationIsVisible = 0;
			defaultConfigurationName = Release;
		};
		A27B53721FD6120900E08CA7 /* Build configuration list for PBXNativeTarget "Animnedia" */ = {
			isa = XCConfigurationList;
			buildConfigurations = (
				A27B53731FD6120900E08CA7 /* Debug */,
				A27B53741FD6120900E08CA7 /* Release */,
			);
			defaultConfigurationIsVisible = 0;
			defaultConfigurationName = Release;
		};
		A27B53751FD6120900E08CA7 /* Build configuration list for PBXNativeTarget "AnimnediaTests" */ = {
			isa = XCConfigurationList;
			buildConfigurations = (
				A27B53761FD6120900E08CA7 /* Debug */,
				A27B53771FD6120900E08CA7 /* Release */,
			);
			defaultConfigurationIsVisible = 0;
			defaultConfigurationName = Release;
		};
		A27B53781FD6120900E08CA7 /* Build configuration list for PBXNativeTarget "AnimnediaUITests" */ = {
			isa = XCConfigurationList;
			buildConfigurations = (
				A27B53791FD6120900E08CA7 /* Debug */,
				A27B537A1FD6120900E08CA7 /* Release */,
			);
			defaultConfigurationIsVisible = 0;
			defaultConfigurationName = Release;
		};
/* End XCConfigurationList section */
	};
	rootObject = A27B53421FD6120900E08CA7 /* Project object */;
}
