// !$*UTF8*$!
{
	archiveVersion = 1;
	classes = {
	};
	objectVersion = 48;
	objects = {

/* Begin PBXBuildFile section */
		A27B53141FD611B900E08CA7 /* AppDelegate.swift in Sources */ = {isa = PBXBuildFile; fileRef = A27B53131FD611B900E08CA7 /* AppDelegate.swift */; };
		A27B53161FD611B900E08CA7 /* ViewController.swift in Sources */ = {isa = PBXBuildFile; fileRef = A27B53151FD611B900E08CA7 /* ViewController.swift */; };
		A27B53191FD611B900E08CA7 /* Main.storyboard in Resources */ = {isa = PBXBuildFile; fileRef = A27B53171FD611B900E08CA7 /* Main.storyboard */; };
		A27B531B1FD611B900E08CA7 /* Assets.xcassets in Resources */ = {isa = PBXBuildFile; fileRef = A27B531A1FD611B900E08CA7 /* Assets.xcassets */; };
		A27B531E1FD611B900E08CA7 /* LaunchScreen.storyboard in Resources */ = {isa = PBXBuildFile; fileRef = A27B531C1FD611B900E08CA7 /* LaunchScreen.storyboard */; };
		A27B53291FD611B900E08CA7 /* Animedia_iOSTests.swift in Sources */ = {isa = PBXBuildFile; fileRef = A27B53281FD611B900E08CA7 /* Animedia_iOSTests.swift */; };
		A27B53341FD611B900E08CA7 /* Animedia_iOSUITests.swift in Sources */ = {isa = PBXBuildFile; fileRef = A27B53331FD611B900E08CA7 /* Animedia_iOSUITests.swift */; };
/* End PBXBuildFile section */

/* Begin PBXContainerItemProxy section */
		A27B53251FD611B900E08CA7 /* PBXContainerItemProxy */ = {
			isa = PBXContainerItemProxy;
			containerPortal = A27B53081FD611B900E08CA7 /* Project object */;
			proxyType = 1;
			remoteGlobalIDString = A27B530F1FD611B900E08CA7;
			remoteInfo = Animedia_iOS;
		};
		A27B53301FD611B900E08CA7 /* PBXContainerItemProxy */ = {
			isa = PBXContainerItemProxy;
			containerPortal = A27B53081FD611B900E08CA7 /* Project object */;
			proxyType = 1;
			remoteGlobalIDString = A27B530F1FD611B900E08CA7;
			remoteInfo = Animedia_iOS;
		};
/* End PBXContainerItemProxy section */

/* Begin PBXFileReference section */
		A27B53101FD611B900E08CA7 /* Animedia_iOS.app */ = {isa = PBXFileReference; explicitFileType = wrapper.application; includeInIndex = 0; path = Animedia_iOS.app; sourceTree = BUILT_PRODUCTS_DIR; };
		A27B53131FD611B900E08CA7 /* AppDelegate.swift */ = {isa = PBXFileReference; lastKnownFileType = sourcecode.swift; path = AppDelegate.swift; sourceTree = "<group>"; };
		A27B53151FD611B900E08CA7 /* ViewController.swift */ = {isa = PBXFileReference; lastKnownFileType = sourcecode.swift; path = ViewController.swift; sourceTree = "<group>"; };
		A27B53181FD611B900E08CA7 /* Base */ = {isa = PBXFileReference; lastKnownFileType = file.storyboard; name = Base; path = Base.lproj/Main.storyboard; sourceTree = "<group>"; };
		A27B531A1FD611B900E08CA7 /* Assets.xcassets */ = {isa = PBXFileReference; lastKnownFileType = folder.assetcatalog; path = Assets.xcassets; sourceTree = "<group>"; };
		A27B531D1FD611B900E08CA7 /* Base */ = {isa = PBXFileReference; lastKnownFileType = file.storyboard; name = Base; path = Base.lproj/LaunchScreen.storyboard; sourceTree = "<group>"; };
		A27B531F1FD611B900E08CA7 /* Info.plist */ = {isa = PBXFileReference; lastKnownFileType = text.plist.xml; path = Info.plist; sourceTree = "<group>"; };
		A27B53241FD611B900E08CA7 /* Animedia_iOSTests.xctest */ = {isa = PBXFileReference; explicitFileType = wrapper.cfbundle; includeInIndex = 0; path = Animedia_iOSTests.xctest; sourceTree = BUILT_PRODUCTS_DIR; };
		A27B53281FD611B900E08CA7 /* Animedia_iOSTests.swift */ = {isa = PBXFileReference; lastKnownFileType = sourcecode.swift; path = Animedia_iOSTests.swift; sourceTree = "<group>"; };
		A27B532A1FD611B900E08CA7 /* Info.plist */ = {isa = PBXFileReference; lastKnownFileType = text.plist.xml; path = Info.plist; sourceTree = "<group>"; };
		A27B532F1FD611B900E08CA7 /* Animedia_iOSUITests.xctest */ = {isa = PBXFileReference; explicitFileType = wrapper.cfbundle; includeInIndex = 0; path = Animedia_iOSUITests.xctest; sourceTree = BUILT_PRODUCTS_DIR; };
		A27B53331FD611B900E08CA7 /* Animedia_iOSUITests.swift */ = {isa = PBXFileReference; lastKnownFileType = sourcecode.swift; path = Animedia_iOSUITests.swift; sourceTree = "<group>"; };
		A27B53351FD611B900E08CA7 /* Info.plist */ = {isa = PBXFileReference; lastKnownFileType = text.plist.xml; path = Info.plist; sourceTree = "<group>"; };
/* End PBXFileReference section */

/* Begin PBXFrameworksBuildPhase section */
		A27B530D1FD611B900E08CA7 /* Frameworks */ = {
			isa = PBXFrameworksBuildPhase;
			buildActionMask = 2147483647;
			files = (
			);
			runOnlyForDeploymentPostprocessing = 0;
		};
		A27B53211FD611B900E08CA7 /* Frameworks */ = {
			isa = PBXFrameworksBuildPhase;
			buildActionMask = 2147483647;
			files = (
			);
			runOnlyForDeploymentPostprocessing = 0;
		};
		A27B532C1FD611B900E08CA7 /* Frameworks */ = {
			isa = PBXFrameworksBuildPhase;
			buildActionMask = 2147483647;
			files = (
			);
			runOnlyForDeploymentPostprocessing = 0;
		};
/* End PBXFrameworksBuildPhase section */

/* Begin PBXGroup section */
		A27B53071FD611B900E08CA7 = {
			isa = PBXGroup;
			children = (
				A27B53121FD611B900E08CA7 /* Animedia_iOS */,
				A27B53271FD611B900E08CA7 /* Animedia_iOSTests */,
				A27B53321FD611B900E08CA7 /* Animedia_iOSUITests */,
				A27B53111FD611B900E08CA7 /* Products */,
			);
			sourceTree = "<group>";
		};
		A27B53111FD611B900E08CA7 /* Products */ = {
			isa = PBXGroup;
			children = (
				A27B53101FD611B900E08CA7 /* Animedia_iOS.app */,
				A27B53241FD611B900E08CA7 /* Animedia_iOSTests.xctest */,
				A27B532F1FD611B900E08CA7 /* Animedia_iOSUITests.xctest */,
			);
			name = Products;
			sourceTree = "<group>";
		};
		A27B53121FD611B900E08CA7 /* Animedia_iOS */ = {
			isa = PBXGroup;
			children = (
				A27B53131FD611B900E08CA7 /* AppDelegate.swift */,
				A27B53151FD611B900E08CA7 /* ViewController.swift */,
				A27B53171FD611B900E08CA7 /* Main.storyboard */,
				A27B531A1FD611B900E08CA7 /* Assets.xcassets */,
				A27B531C1FD611B900E08CA7 /* LaunchScreen.storyboard */,
				A27B531F1FD611B900E08CA7 /* Info.plist */,
			);
			path = Animedia_iOS;
			sourceTree = "<group>";
		};
		A27B53271FD611B900E08CA7 /* Animedia_iOSTests */ = {
			isa = PBXGroup;
			children = (
				A27B53281FD611B900E08CA7 /* Animedia_iOSTests.swift */,
				A27B532A1FD611B900E08CA7 /* Info.plist */,
			);
			path = Animedia_iOSTests;
			sourceTree = "<group>";
		};
		A27B53321FD611B900E08CA7 /* Animedia_iOSUITests */ = {
			isa = PBXGroup;
			children = (
				A27B53331FD611B900E08CA7 /* Animedia_iOSUITests.swift */,
				A27B53351FD611B900E08CA7 /* Info.plist */,
			);
			path = Animedia_iOSUITests;
			sourceTree = "<group>";
		};
/* End PBXGroup section */

/* Begin PBXNativeTarget section */
		A27B530F1FD611B900E08CA7 /* Animedia_iOS */ = {
			isa = PBXNativeTarget;
			buildConfigurationList = A27B53381FD611B900E08CA7 /* Build configuration list for PBXNativeTarget "Animedia_iOS" */;
			buildPhases = (
				A27B530C1FD611B900E08CA7 /* Sources */,
				A27B530D1FD611B900E08CA7 /* Frameworks */,
				A27B530E1FD611B900E08CA7 /* Resources */,
			);
			buildRules = (
			);
			dependencies = (
			);
			name = Animedia_iOS;
			productName = Animedia_iOS;
			productReference = A27B53101FD611B900E08CA7 /* Animedia_iOS.app */;
			productType = "com.apple.product-type.application";
		};
		A27B53231FD611B900E08CA7 /* Animedia_iOSTests */ = {
			isa = PBXNativeTarget;
			buildConfigurationList = A27B533B1FD611B900E08CA7 /* Build configuration list for PBXNativeTarget "Animedia_iOSTests" */;
			buildPhases = (
				A27B53201FD611B900E08CA7 /* Sources */,
				A27B53211FD611B900E08CA7 /* Frameworks */,
				A27B53221FD611B900E08CA7 /* Resources */,
			);
			buildRules = (
			);
			dependencies = (
				A27B53261FD611B900E08CA7 /* PBXTargetDependency */,
			);
			name = Animedia_iOSTests;
			productName = Animedia_iOSTests;
			productReference = A27B53241FD611B900E08CA7 /* Animedia_iOSTests.xctest */;
			productType = "com.apple.product-type.bundle.unit-test";
		};
		A27B532E1FD611B900E08CA7 /* Animedia_iOSUITests */ = {
			isa = PBXNativeTarget;
			buildConfigurationList = A27B533E1FD611B900E08CA7 /* Build configuration list for PBXNativeTarget "Animedia_iOSUITests" */;
			buildPhases = (
				A27B532B1FD611B900E08CA7 /* Sources */,
				A27B532C1FD611B900E08CA7 /* Frameworks */,
				A27B532D1FD611B900E08CA7 /* Resources */,
			);
			buildRules = (
			);
			dependencies = (
				A27B53311FD611B900E08CA7 /* PBXTargetDependency */,
			);
			name = Animedia_iOSUITests;
			productName = Animedia_iOSUITests;
			productReference = A27B532F1FD611B900E08CA7 /* Animedia_iOSUITests.xctest */;
			productType = "com.apple.product-type.bundle.ui-testing";
		};
/* End PBXNativeTarget section */

/* Begin PBXProject section */
		A27B53081FD611B900E08CA7 /* Project object */ = {
			isa = PBXProject;
			attributes = {
				LastSwiftUpdateCheck = 0910;
				LastUpgradeCheck = 0910;
				ORGANIZATIONNAME = "App Builders";
				TargetAttributes = {
					A27B530F1FD611B900E08CA7 = {
						CreatedOnToolsVersion = 9.1;
						ProvisioningStyle = Automatic;
					};
					A27B53231FD611B900E08CA7 = {
						CreatedOnToolsVersion = 9.1;
						ProvisioningStyle = Automatic;
						TestTargetID = A27B530F1FD611B900E08CA7;
					};
					A27B532E1FD611B900E08CA7 = {
						CreatedOnToolsVersion = 9.1;
						ProvisioningStyle = Automatic;
						TestTargetID = A27B530F1FD611B900E08CA7;
					};
				};
			};
			buildConfigurationList = A27B530B1FD611B900E08CA7 /* Build configuration list for PBXProject "Animedia_iOS" */;
			compatibilityVersion = "Xcode 8.0";
			developmentRegion = en;
			hasScannedForEncodings = 0;
			knownRegions = (
				en,
				Base,
			);
			mainGroup = A27B53071FD611B900E08CA7;
			productRefGroup = A27B53111FD611B900E08CA7 /* Products */;
			projectDirPath = "";
			projectRoot = "";
			targets = (
				A27B530F1FD611B900E08CA7 /* Animedia_iOS */,
				A27B53231FD611B900E08CA7 /* Animedia_iOSTests */,
				A27B532E1FD611B900E08CA7 /* Animedia_iOSUITests */,
			);
		};
/* End PBXProject section */

/* Begin PBXResourcesBuildPhase section */
		A27B530E1FD611B900E08CA7 /* Resources */ = {
			isa = PBXResourcesBuildPhase;
			buildActionMask = 2147483647;
			files = (
				A27B531E1FD611B900E08CA7 /* LaunchScreen.storyboard in Resources */,
				A27B531B1FD611B900E08CA7 /* Assets.xcassets in Resources */,
				A27B53191FD611B900E08CA7 /* Main.storyboard in Resources */,
			);
			runOnlyForDeploymentPostprocessing = 0;
		};
		A27B53221FD611B900E08CA7 /* Resources */ = {
			isa = PBXResourcesBuildPhase;
			buildActionMask = 2147483647;
			files = (
			);
			runOnlyForDeploymentPostprocessing = 0;
		};
		A27B532D1FD611B900E08CA7 /* Resources */ = {
			isa = PBXResourcesBuildPhase;
			buildActionMask = 2147483647;
			files = (
			);
			runOnlyForDeploymentPostprocessing = 0;
		};
/* End PBXResourcesBuildPhase section */

/* Begin PBXSourcesBuildPhase section */
		A27B530C1FD611B900E08CA7 /* Sources */ = {
			isa = PBXSourcesBuildPhase;
			buildActionMask = 2147483647;
			files = (
				A27B53161FD611B900E08CA7 /* ViewController.swift in Sources */,
				A27B53141FD611B900E08CA7 /* AppDelegate.swift in Sources */,
			);
			runOnlyForDeploymentPostprocessing = 0;
		};
		A27B53201FD611B900E08CA7 /* Sources */ = {
			isa = PBXSourcesBuildPhase;
			buildActionMask = 2147483647;
			files = (
				A27B53291FD611B900E08CA7 /* Animedia_iOSTests.swift in Sources */,
			);
			runOnlyForDeploymentPostprocessing = 0;
		};
		A27B532B1FD611B900E08CA7 /* Sources */ = {
			isa = PBXSourcesBuildPhase;
			buildActionMask = 2147483647;
			files = (
				A27B53341FD611B900E08CA7 /* Animedia_iOSUITests.swift in Sources */,
			);
			runOnlyForDeploymentPostprocessing = 0;
		};
/* End PBXSourcesBuildPhase section */

/* Begin PBXTargetDependency section */
		A27B53261FD611B900E08CA7 /* PBXTargetDependency */ = {
			isa = PBXTargetDependency;
			target = A27B530F1FD611B900E08CA7 /* Animedia_iOS */;
			targetProxy = A27B53251FD611B900E08CA7 /* PBXContainerItemProxy */;
		};
		A27B53311FD611B900E08CA7 /* PBXTargetDependency */ = {
			isa = PBXTargetDependency;
			target = A27B530F1FD611B900E08CA7 /* Animedia_iOS */;
			targetProxy = A27B53301FD611B900E08CA7 /* PBXContainerItemProxy */;
		};
/* End PBXTargetDependency section */

/* Begin PBXVariantGroup section */
		A27B53171FD611B900E08CA7 /* Main.storyboard */ = {
			isa = PBXVariantGroup;
			children = (
				A27B53181FD611B900E08CA7 /* Base */,
			);
			name = Main.storyboard;
			sourceTree = "<group>";
		};
		A27B531C1FD611B900E08CA7 /* LaunchScreen.storyboard */ = {
			isa = PBXVariantGroup;
			children = (
				A27B531D1FD611B900E08CA7 /* Base */,
			);
			name = LaunchScreen.storyboard;
			sourceTree = "<group>";
		};
/* End PBXVariantGroup section */

/* Begin XCBuildConfiguration section */
		A27B53361FD611B900E08CA7 /* Debug */ = {
			isa = XCBuildConfiguration;
			buildSettings = {
				ALWAYS_SEARCH_USER_PATHS = NO;
				CLANG_ANALYZER_NONNULL = YES;
				CLANG_ANALYZER_NUMBER_OBJECT_CONVERSION = YES_AGGRESSIVE;
				CLANG_CXX_LANGUAGE_STANDARD = "gnu++14";
				CLANG_CXX_LIBRARY = "libc++";
				CLANG_ENABLE_MODULES = YES;
				CLANG_ENABLE_OBJC_ARC = YES;
				CLANG_WARN_BLOCK_CAPTURE_AUTORELEASING = YES;
				CLANG_WARN_BOOL_CONVERSION = YES;
				CLANG_WARN_COMMA = YES;
				CLANG_WARN_CONSTANT_CONVERSION = YES;
				CLANG_WARN_DIRECT_OBJC_ISA_USAGE = YES_ERROR;
				CLANG_WARN_DOCUMENTATION_COMMENTS = YES;
				CLANG_WARN_EMPTY_BODY = YES;
				CLANG_WARN_ENUM_CONVERSION = YES;
				CLANG_WARN_INFINITE_RECURSION = YES;
				CLANG_WARN_INT_CONVERSION = YES;
				CLANG_WARN_NON_LITERAL_NULL_CONVERSION = YES;
				CLANG_WARN_OBJC_LITERAL_CONVERSION = YES;
				CLANG_WARN_OBJC_ROOT_CLASS = YES_ERROR;
				CLANG_WARN_RANGE_LOOP_ANALYSIS = YES;
				CLANG_WARN_STRICT_PROTOTYPES = YES;
				CLANG_WARN_SUSPICIOUS_MOVE = YES;
				CLANG_WARN_UNGUARDED_AVAILABILITY = YES_AGGRESSIVE;
				CLANG_WARN_UNREACHABLE_CODE = YES;
				CLANG_WARN__DUPLICATE_METHOD_MATCH = YES;
				CODE_SIGN_IDENTITY = "iPhone Developer";
				COPY_PHASE_STRIP = NO;
				DEBUG_INFORMATION_FORMAT = dwarf;
				ENABLE_STRICT_OBJC_MSGSEND = YES;
				ENABLE_TESTABILITY = YES;
				GCC_C_LANGUAGE_STANDARD = gnu11;
				GCC_DYNAMIC_NO_PIC = NO;
				GCC_NO_COMMON_BLOCKS = YES;
				GCC_OPTIMIZATION_LEVEL = 0;
				GCC_PREPROCESSOR_DEFINITIONS = (
					"DEBUG=1",
					"$(inherited)",
				);
				GCC_WARN_64_TO_32_BIT_CONVERSION = YES;
				GCC_WARN_ABOUT_RETURN_TYPE = YES_ERROR;
				GCC_WARN_UNDECLARED_SELECTOR = YES;
				GCC_WARN_UNINITIALIZED_AUTOS = YES_AGGRESSIVE;
				GCC_WARN_UNUSED_FUNCTION = YES;
				GCC_WARN_UNUSED_VARIABLE = YES;
				IPHONEOS_DEPLOYMENT_TARGET = 11.1;
				MTL_ENABLE_DEBUG_INFO = YES;
				ONLY_ACTIVE_ARCH = YES;
				SDKROOT = iphoneos;
				SWIFT_ACTIVE_COMPILATION_CONDITIONS = DEBUG;
				SWIFT_OPTIMIZATION_LEVEL = "-Onone";
			};
			name = Debug;
		};
		A27B53371FD611B900E08CA7 /* Release */ = {
			isa = XCBuildConfiguration;
			buildSettings = {
				ALWAYS_SEARCH_USER_PATHS = NO;
				CLANG_ANALYZER_NONNULL = YES;
				CLANG_ANALYZER_NUMBER_OBJECT_CONVERSION = YES_AGGRESSIVE;
				CLANG_CXX_LANGUAGE_STANDARD = "gnu++14";
				CLANG_CXX_LIBRARY = "libc++";
				CLANG_ENABLE_MODULES = YES;
				CLANG_ENABLE_OBJC_ARC = YES;
				CLANG_WARN_BLOCK_CAPTURE_AUTORELEASING = YES;
				CLANG_WARN_BOOL_CONVERSION = YES;
				CLANG_WARN_COMMA = YES;
				CLANG_WARN_CONSTANT_CONVERSION = YES;
				CLANG_WARN_DIRECT_OBJC_ISA_USAGE = YES_ERROR;
				CLANG_WARN_DOCUMENTATION_COMMENTS = YES;
				CLANG_WARN_EMPTY_BODY = YES;
				CLANG_WARN_ENUM_CONVERSION = YES;
				CLANG_WARN_INFINITE_RECURSION = YES;
				CLANG_WARN_INT_CONVERSION = YES;
				CLANG_WARN_NON_LITERAL_NULL_CONVERSION = YES;
				CLANG_WARN_OBJC_LITERAL_CONVERSION = YES;
				CLANG_WARN_OBJC_ROOT_CLASS = YES_ERROR;
				CLANG_WARN_RANGE_LOOP_ANALYSIS = YES;
				CLANG_WARN_STRICT_PROTOTYPES = YES;
				CLANG_WARN_SUSPICIOUS_MOVE = YES;
				CLANG_WARN_UNGUARDED_AVAILABILITY = YES_AGGRESSIVE;
				CLANG_WARN_UNREACHABLE_CODE = YES;
				CLANG_WARN__DUPLICATE_METHOD_MATCH = YES;
				CODE_SIGN_IDENTITY = "iPhone Developer";
				COPY_PHASE_STRIP = NO;
				DEBUG_INFORMATION_FORMAT = "dwarf-with-dsym";
				ENABLE_NS_ASSERTIONS = NO;
				ENABLE_STRICT_OBJC_MSGSEND = YES;
				GCC_C_LANGUAGE_STANDARD = gnu11;
				GCC_NO_COMMON_BLOCKS = YES;
				GCC_WARN_64_TO_32_BIT_CONVERSION = YES;
				GCC_WARN_ABOUT_RETURN_TYPE = YES_ERROR;
				GCC_WARN_UNDECLARED_SELECTOR = YES;
				GCC_WARN_UNINITIALIZED_AUTOS = YES_AGGRESSIVE;
				GCC_WARN_UNUSED_FUNCTION = YES;
				GCC_WARN_UNUSED_VARIABLE = YES;
				IPHONEOS_DEPLOYMENT_TARGET = 11.1;
				MTL_ENABLE_DEBUG_INFO = NO;
				SDKROOT = iphoneos;
				SWIFT_OPTIMIZATION_LEVEL = "-Owholemodule";
				VALIDATE_PRODUCT = YES;
			};
			name = Release;
		};
		A27B53391FD611B900E08CA7 /* Debug */ = {
			isa = XCBuildConfiguration;
			buildSettings = {
				ASSETCATALOG_COMPILER_APPICON_NAME = AppIcon;
				CODE_SIGN_STYLE = Automatic;
				INFOPLIST_FILE = Animedia_iOS/Info.plist;
				LD_RUNPATH_SEARCH_PATHS = "$(inherited) @executable_path/Frameworks";
				PRODUCT_BUNDLE_IDENTIFIER = "com.appbuilders.Animedia-iOS";
				PRODUCT_NAME = "$(TARGET_NAME)";
				SWIFT_VERSION = 4.0;
				TARGETED_DEVICE_FAMILY = "1,2";
			};
			name = Debug;
		};
		A27B533A1FD611B900E08CA7 /* Release */ = {
			isa = XCBuildConfiguration;
			buildSettings = {
				ASSETCATALOG_COMPILER_APPICON_NAME = AppIcon;
				CODE_SIGN_STYLE = Automatic;
				INFOPLIST_FILE = Animedia_iOS/Info.plist;
				LD_RUNPATH_SEARCH_PATHS = "$(inherited) @executable_path/Frameworks";
				PRODUCT_BUNDLE_IDENTIFIER = "com.appbuilders.Animedia-iOS";
				PRODUCT_NAME = "$(TARGET_NAME)";
				SWIFT_VERSION = 4.0;
				TARGETED_DEVICE_FAMILY = "1,2";
			};
			name = Release;
		};
		A27B533C1FD611B900E08CA7 /* Debug */ = {
			isa = XCBuildConfiguration;
			buildSettings = {
				ALWAYS_EMBED_SWIFT_STANDARD_LIBRARIES = YES;
				BUNDLE_LOADER = "$(TEST_HOST)";
				CODE_SIGN_STYLE = Automatic;
				INFOPLIST_FILE = Animedia_iOSTests/Info.plist;
				LD_RUNPATH_SEARCH_PATHS = "$(inherited) @executable_path/Frameworks @loader_path/Frameworks";
				PRODUCT_BUNDLE_IDENTIFIER = "com.appbuilders.Animedia-iOSTests";
				PRODUCT_NAME = "$(TARGET_NAME)";
				SWIFT_VERSION = 4.0;
				TARGETED_DEVICE_FAMILY = "1,2";
				TEST_HOST = "$(BUILT_PRODUCTS_DIR)/Animedia_iOS.app/Animedia_iOS";
			};
			name = Debug;
		};
		A27B533D1FD611B900E08CA7 /* Release */ = {
			isa = XCBuildConfiguration;
			buildSettings = {
				ALWAYS_EMBED_SWIFT_STANDARD_LIBRARIES = YES;
				BUNDLE_LOADER = "$(TEST_HOST)";
				CODE_SIGN_STYLE = Automatic;
				INFOPLIST_FILE = Animedia_iOSTests/Info.plist;
				LD_RUNPATH_SEARCH_PATHS = "$(inherited) @executable_path/Frameworks @loader_path/Frameworks";
				PRODUCT_BUNDLE_IDENTIFIER = "com.appbuilders.Animedia-iOSTests";
				PRODUCT_NAME = "$(TARGET_NAME)";
				SWIFT_VERSION = 4.0;
				TARGETED_DEVICE_FAMILY = "1,2";
				TEST_HOST = "$(BUILT_PRODUCTS_DIR)/Animedia_iOS.app/Animedia_iOS";
			};
			name = Release;
		};
		A27B533F1FD611B900E08CA7 /* Debug */ = {
			isa = XCBuildConfiguration;
			buildSettings = {
				ALWAYS_EMBED_SWIFT_STANDARD_LIBRARIES = YES;
				CODE_SIGN_STYLE = Automatic;
				INFOPLIST_FILE = Animedia_iOSUITests/Info.plist;
				LD_RUNPATH_SEARCH_PATHS = "$(inherited) @executable_path/Frameworks @loader_path/Frameworks";
				PRODUCT_BUNDLE_IDENTIFIER = "com.appbuilders.Animedia-iOSUITests";
				PRODUCT_NAME = "$(TARGET_NAME)";
				SWIFT_VERSION = 4.0;
				TARGETED_DEVICE_FAMILY = "1,2";
				TEST_TARGET_NAME = Animedia_iOS;
			};
			name = Debug;
		};
		A27B53401FD611B900E08CA7 /* Release */ = {
			isa = XCBuildConfiguration;
			buildSettings = {
				ALWAYS_EMBED_SWIFT_STANDARD_LIBRARIES = YES;
				CODE_SIGN_STYLE = Automatic;
				INFOPLIST_FILE = Animedia_iOSUITests/Info.plist;
				LD_RUNPATH_SEARCH_PATHS = "$(inherited) @executable_path/Frameworks @loader_path/Frameworks";
				PRODUCT_BUNDLE_IDENTIFIER = "com.appbuilders.Animedia-iOSUITests";
				PRODUCT_NAME = "$(TARGET_NAME)";
				SWIFT_VERSION = 4.0;
				TARGETED_DEVICE_FAMILY = "1,2";
				TEST_TARGET_NAME = Animedia_iOS;
			};
			name = Release;
		};
/* End XCBuildConfiguration section */

/* Begin XCConfigurationList section */
		A27B530B1FD611B900E08CA7 /* Build configuration list for PBXProject "Animedia_iOS" */ = {
			isa = XCConfigurationList;
			buildConfigurations = (
				A27B53361FD611B900E08CA7 /* Debug */,
				A27B53371FD611B900E08CA7 /* Release */,
			);
			defaultConfigurationIsVisible = 0;
			defaultConfigurationName = Release;
		};
		A27B53381FD611B900E08CA7 /* Build configuration list for PBXNativeTarget "Animedia_iOS" */ = {
			isa = XCConfigurationList;
			buildConfigurations = (
				A27B53391FD611B900E08CA7 /* Debug */,
				A27B533A1FD611B900E08CA7 /* Release */,
			);
			defaultConfigurationIsVisible = 0;
			defaultConfigurationName = Release;
		};
		A27B533B1FD611B900E08CA7 /* Build configuration list for PBXNativeTarget "Animedia_iOSTests" */ = {
			isa = XCConfigurationList;
			buildConfigurations = (
				A27B533C1FD611B900E08CA7 /* Debug */,
				A27B533D1FD611B900E08CA7 /* Release */,
			);
			defaultConfigurationIsVisible = 0;
			defaultConfigurationName = Release;
		};
		A27B533E1FD611B900E08CA7 /* Build configuration list for PBXNativeTarget "Animedia_iOSUITests" */ = {
			isa = XCConfigurationList;
			buildConfigurations = (
				A27B533F1FD611B900E08CA7 /* Debug */,
				A27B53401FD611B900E08CA7 /* Release */,
			);
			defaultConfigurationIsVisible = 0;
			defaultConfigurationName = Release;
		};
/* End XCConfigurationList section */
	};
	rootObject = A27B53081FD611B900E08CA7 /* Project object */;
}
